
Microsoft Visual Studio Solution File, Format Version 12.00
# Visual Studio Version 17
VisualStudioVersion = 17.3.32922.545
MinimumVisualStudioVersion = 10.0.40219.1
Project("{FAE04EC0-301F-11D3-BF4B-00C04F79EFBC}") = "SeleniumLearning", "SeleniumLearning\SeleniumLearning.csproj", "{11B023F3-15BB-429C-B246-11FE872D7C0A}"
EndProject
Global
	GlobalSection(SolutionConfigurationPlatforms) = preSolution
		Debug|Any CPU = Debug|Any CPU
		Release|Any CPU = Release|Any CPU
	EndGlobalSection
	GlobalSection(ProjectConfigurationPlatforms) = postSolution
		{11B023F3-15BB-429C-B246-11FE872D7C0A}.Debug|Any CPU.ActiveCfg = Debug|Any CPU
		{11B023F3-15BB-429C-B246-11FE872D7C0A}.Debug|Any CPU.Build.0 = Debug|Any CPU
		{11B023F3-15BB-429C-B246-11FE872D7C0A}.Release|Any CPU.ActiveCfg = Release|Any CPU
		{11B023F3-15BB-429C-B246-11FE872D7C0A}.Release|Any CPU.Build.0 = Release|Any CPU
	EndGlobalSection
	GlobalSection(SolutionProperties) = preSolution
		HideSolutionNode = FALSE
	EndGlobalSection
	GlobalSection(ExtensibilityGlobals) = postSolution
		SolutionGuid = {4B31321D-348A-4F9F-967C-C0EE00BA8087}
	EndGlobalSection
EndGlobal
